# This file may be used to create an environment using:
# $ conda create --name <env> --file <this file>
# platform: linux-64
@EXPLICIT
https://conda.anaconda.org/conda-forge/noarch/nomkl-1.0-h5ca1d4c_0.tar.bz2
https://conda.anaconda.org/conda-forge/linux-64/_libgcc_mutex-0.1-conda_forge.tar.bz2
https://conda.anaconda.org/conda-forge/linux-64/ca-certificates-2022.12.7-ha878542_0.conda
https://conda.anaconda.org/conda-forge/linux-64/ld_impl_linux-64-2.40-h41732ed_0.conda
https://conda.anaconda.org/conda-forge/linux-64/libgfortran5-12.2.0-h337968e_19.tar.bz2
https://conda.anaconda.org/conda-forge/linux-64/libstdcxx-ng-12.2.0-h46fd767_19.tar.bz2
https://conda.anaconda.org/conda-forge/linux-64/pbzip2-1.1.13-0.tar.bz2
https://conda.anaconda.org/conda-forge/linux-64/python_abi-3.10-3_cp310.conda
https://conda.anaconda.org/conda-forge/noarch/tzdata-2023c-h71feb2d_0.conda
https://conda.anaconda.org/conda-forge/linux-64/libgfortran-ng-12.2.0-h69a702a_19.tar.bz2
https://conda.anaconda.org/conda-forge/linux-64/libgomp-12.2.0-h65d4601_19.tar.bz2
https://conda.anaconda.org/conda-forge/linux-64/_openmp_mutex-4.5-2_gnu.tar.bz2
https://conda.anaconda.org/conda-forge/linux-64/libgcc-ng-12.2.0-h65d4601_19.tar.bz2
https://conda.anaconda.org/conda-forge/linux-64/bzip2-1.0.8-h7f98852_4.tar.bz2
https://conda.anaconda.org/conda-forge/linux-64/c-ares-1.18.1-h7f98852_0.tar.bz2
https://conda.anaconda.org/conda-forge/linux-64/icu-70.1-h27087fc_0.tar.bz2
https://conda.anaconda.org/conda-forge/linux-64/isa-l-2.30.0-ha770c72_4.tar.bz2
https://conda.anaconda.org/conda-forge/linux-64/keyutils-1.6.1-h166bdaf_0.tar.bz2
https://conda.anaconda.org/conda-forge/linux-64/lerc-4.0.0-h27087fc_0.tar.bz2
https://conda.anaconda.org/conda-forge/linux-64/libbrotlicommon-1.0.9-h166bdaf_8.tar.bz2
https://conda.anaconda.org/conda-forge/linux-64/libdeflate-1.18-h0b41bf4_0.conda
https://conda.anaconda.org/conda-forge/linux-64/libev-4.33-h516909a_1.tar.bz2
https://conda.anaconda.org/conda-forge/linux-64/libffi-3.4.2-h7f98852_5.tar.bz2
https://conda.anaconda.org/conda-forge/linux-64/libiconv-1.17-h166bdaf_0.tar.bz2
https://conda.anaconda.org/conda-forge/linux-64/libjpeg-turbo-2.1.5.1-h0b41bf4_0.conda
https://conda.anaconda.org/conda-forge/linux-64/libnsl-2.0.0-h7f98852_0.tar.bz2
https://conda.anaconda.org/conda-forge/linux-64/libopenblas-0.3.21-pthreads_h78a6416_3.tar.bz2
https://conda.anaconda.org/conda-forge/linux-64/libuuid-2.38.1-h0b41bf4_0.conda
https://conda.anaconda.org/conda-forge/linux-64/libwebp-base-1.3.0-h0b41bf4_0.conda
https://conda.anaconda.org/conda-forge/linux-64/libzlib-1.2.13-h166bdaf_4.tar.bz2
https://conda.anaconda.org/bioconda/linux-64/muscle-3.8.1551-h7d875b9_6.tar.bz2
https://conda.anaconda.org/conda-forge/linux-64/ncurses-6.3-h27087fc_1.tar.bz2
https://conda.anaconda.org/conda-forge/linux-64/openssl-3.1.0-h0b41bf4_0.conda
https://conda.anaconda.org/conda-forge/linux-64/ossuuid-1.6.2-hf484d3e_1000.tar.bz2
https://conda.anaconda.org/conda-forge/linux-64/pthread-stubs-0.4-h36c2ea0_1001.tar.bz2
https://conda.anaconda.org/conda-forge/linux-64/xorg-libxau-1.0.9-h7f98852_0.tar.bz2
https://conda.anaconda.org/conda-forge/linux-64/xorg-libxdmcp-1.1.3-h7f98852_0.tar.bz2
https://conda.anaconda.org/conda-forge/linux-64/xz-5.2.6-h166bdaf_0.tar.bz2
https://conda.anaconda.org/conda-forge/linux-64/yaml-0.2.5-h7f98852_2.tar.bz2
https://conda.anaconda.org/conda-forge/linux-64/libblas-3.9.0-16_linux64_openblas.tar.bz2
https://conda.anaconda.org/conda-forge/linux-64/libbrotlidec-1.0.9-h166bdaf_8.tar.bz2
https://conda.anaconda.org/conda-forge/linux-64/libbrotlienc-1.0.9-h166bdaf_8.tar.bz2
https://conda.anaconda.org/conda-forge/linux-64/libedit-3.1.20191231-he28a2e2_2.tar.bz2
https://conda.anaconda.org/conda-forge/linux-64/libnghttp2-1.52.0-h61bc06f_0.conda
https://conda.anaconda.org/conda-forge/linux-64/libpng-1.6.39-h753d276_0.conda
https://conda.anaconda.org/conda-forge/linux-64/libsqlite-3.40.0-h753d276_0.tar.bz2
https://conda.anaconda.org/conda-forge/linux-64/libssh2-1.10.0-hf14f497_3.tar.bz2
https://conda.anaconda.org/conda-forge/linux-64/libxcb-1.13-h7f98852_1004.tar.bz2
https://conda.anaconda.org/conda-forge/linux-64/libxml2-2.9.14-h22db469_4.tar.bz2
https://conda.anaconda.org/conda-forge/linux-64/perl-5.32.1-2_h7f98852_perl5.tar.bz2
https://conda.anaconda.org/conda-forge/linux-64/readline-8.2-h8228510_1.conda
https://conda.anaconda.org/conda-forge/linux-64/tk-8.6.12-h27826a3_0.tar.bz2
https://conda.anaconda.org/conda-forge/linux-64/zlib-1.2.13-h166bdaf_4.tar.bz2
https://conda.anaconda.org/conda-forge/linux-64/zstd-1.5.2-h3eb15da_6.conda
https://conda.anaconda.org/conda-forge/linux-64/brotli-bin-1.0.9-h166bdaf_8.tar.bz2
https://conda.anaconda.org/conda-forge/linux-64/flash-1.2.11-h27826a3_0.tar.bz2
https://conda.anaconda.org/conda-forge/linux-64/freetype-2.12.1-hca18f0e_1.conda
https://conda.anaconda.org/conda-forge/linux-64/krb5-1.20.1-h81ceb04_0.conda
https://conda.anaconda.org/conda-forge/linux-64/libcblas-3.9.0-16_linux64_openblas.tar.bz2
https://conda.anaconda.org/conda-forge/linux-64/liblapack-3.9.0-16_linux64_openblas.tar.bz2
https://conda.anaconda.org/conda-forge/linux-64/libtiff-4.5.0-ha587672_6.conda
https://conda.anaconda.org/bioconda/linux-64/pear-0.9.6-h67092d7_8.tar.bz2
https://conda.anaconda.org/conda-forge/linux-64/perl-capture-tiny-0.48-pl5321ha770c72_1.tar.bz2
https://conda.anaconda.org/conda-forge/noarch/perl-constant-1.33-pl5321hd8ed1ab_0.tar.bz2
https://conda.anaconda.org/conda-forge/linux-64/perl-data-dumper-2.183-pl5321h166bdaf_0.tar.bz2
https://conda.anaconda.org/conda-forge/noarch/perl-exporter-5.74-pl5321hd8ed1ab_0.tar.bz2
https://conda.anaconda.org/conda-forge/noarch/perl-extutils-makemaker-7.70-pl5321hd8ed1ab_0.conda
https://conda.anaconda.org/bioconda/noarch/perl-ffi-checklib-0.28-pl5321hdfd78af_0.tar.bz2
https://conda.anaconda.org/conda-forge/noarch/perl-file-which-1.24-pl5321hd8ed1ab_0.tar.bz2
https://conda.anaconda.org/conda-forge/noarch/perl-importer-0.026-pl5321hd8ed1ab_0.tar.bz2
https://conda.anaconda.org/conda-forge/linux-64/perl-mime-base64-3.16-pl5321h166bdaf_0.tar.bz2
https://conda.anaconda.org/conda-forge/noarch/perl-parent-0.241-pl5321hd8ed1ab_0.conda
https://conda.anaconda.org/conda-forge/noarch/perl-path-tiny-0.124-pl5321hd8ed1ab_0.tar.bz2
https://conda.anaconda.org/conda-forge/noarch/perl-scope-guard-0.21-pl5321hd8ed1ab_0.tar.bz2
https://conda.anaconda.org/conda-forge/linux-64/perl-storable-3.15-pl5321h166bdaf_0.tar.bz2
https://conda.anaconda.org/conda-forge/noarch/perl-xml-sax-base-1.09-pl5321hd8ed1ab_0.tar.bz2
https://conda.anaconda.org/conda-forge/linux-64/pigz-2.6-h27826a3_0.tar.bz2
https://conda.anaconda.org/conda-forge/linux-64/python-3.10.10-he550d4f_0_cpython.conda
https://conda.anaconda.org/conda-forge/noarch/appdirs-1.4.4-pyh9f0ad1d_0.tar.bz2
https://conda.anaconda.org/conda-forge/noarch/attrs-22.2.0-pyh71513ae_0.conda
https://conda.anaconda.org/conda-forge/linux-64/brotli-1.0.9-h166bdaf_8.tar.bz2
https://conda.anaconda.org/conda-forge/noarch/certifi-2022.12.7-pyhd8ed1ab_0.conda
https://conda.anaconda.org/conda-forge/noarch/charset-normalizer-3.1.0-pyhd8ed1ab_0.conda
https://conda.anaconda.org/conda-forge/noarch/configargparse-1.5.3-pyhd8ed1ab_0.tar.bz2
https://conda.anaconda.org/conda-forge/noarch/connection_pool-0.0.3-pyhd3deb0d_0.tar.bz2
https://conda.anaconda.org/conda-forge/noarch/cycler-0.11.0-pyhd8ed1ab_0.tar.bz2
https://conda.anaconda.org/conda-forge/linux-64/datrie-0.8.2-py310h5764c6d_6.tar.bz2
https://conda.anaconda.org/conda-forge/linux-64/docutils-0.19-py310hff52083_1.tar.bz2
https://conda.anaconda.org/conda-forge/linux-64/dpath-2.1.5-py310hff52083_0.conda
https://conda.anaconda.org/conda-forge/noarch/filelock-3.11.0-pyhd8ed1ab_0.conda
https://conda.anaconda.org/conda-forge/linux-64/humanfriendly-10.0-py310hff52083_4.tar.bz2
https://conda.anaconda.org/conda-forge/noarch/idna-3.4-pyhd8ed1ab_0.tar.bz2
https://conda.anaconda.org/conda-forge/linux-64/kiwisolver-1.4.4-py310hbf28c38_1.tar.bz2
https://conda.anaconda.org/conda-forge/linux-64/lcms2-2.15-haa2dc70_1.conda
https://conda.anaconda.org/conda-forge/linux-64/libcurl-8.0.1-h588be90_0.conda
https://conda.anaconda.org/conda-forge/linux-64/liblapacke-3.9.0-16_linux64_openblas.tar.bz2
https://conda.anaconda.org/conda-forge/linux-64/markupsafe-2.1.2-py310h1fa729e_0.conda
https://conda.anaconda.org/conda-forge/noarch/munkres-1.1.4-pyh9f0ad1d_0.tar.bz2
https://conda.anaconda.org/conda-forge/linux-64/numpy-1.24.2-py310h8deb116_0.conda
https://conda.anaconda.org/conda-forge/linux-64/openjpeg-2.5.0-hfec8fc6_2.conda
https://conda.anaconda.org/conda-forge/noarch/packaging-23.0-pyhd8ed1ab_0.conda
https://conda.anaconda.org/conda-forge/noarch/perl-carp-1.50-pl5321hd8ed1ab_0.tar.bz2
https://conda.anaconda.org/conda-forge/linux-64/perl-encode-3.19-pl5321h166bdaf_0.tar.bz2
https://conda.anaconda.org/conda-forge/noarch/perl-file-path-2.18-pl5321hd8ed1ab_0.tar.bz2
https://conda.anaconda.org/conda-forge/noarch/perl-xml-namespacesupport-1.12-pl5321hd8ed1ab_0.tar.bz2
https://conda.anaconda.org/conda-forge/noarch/pkgutil-resolve-name-1.3.10-pyhd8ed1ab_0.tar.bz2
https://conda.anaconda.org/conda-forge/noarch/plac-1.3.5-pyhd8ed1ab_0.tar.bz2
https://conda.anaconda.org/conda-forge/linux-64/psutil-5.9.4-py310h5764c6d_0.tar.bz2
https://conda.anaconda.org/conda-forge/noarch/pycparser-2.21-pyhd8ed1ab_0.tar.bz2
https://conda.anaconda.org/conda-forge/noarch/pyparsing-3.0.9-pyhd8ed1ab_0.tar.bz2
https://conda.anaconda.org/conda-forge/linux-64/pyrsistent-0.19.3-py310h1fa729e_0.conda
https://conda.anaconda.org/conda-forge/noarch/pysocks-1.7.1-pyha2e5f31_6.tar.bz2
https://conda.anaconda.org/conda-forge/noarch/python-fastjsonschema-2.16.3-pyhd8ed1ab_0.conda
https://conda.anaconda.org/conda-forge/linux-64/python-isal-1.1.0-py310h5764c6d_1.tar.bz2
https://conda.anaconda.org/conda-forge/noarch/python-tzdata-2023.3-pyhd8ed1ab_0.conda
https://conda.anaconda.org/conda-forge/noarch/pytz-2023.3-pyhd8ed1ab_0.conda
https://conda.anaconda.org/conda-forge/linux-64/pyyaml-6.0-py310h5764c6d_5.tar.bz2
https://conda.anaconda.org/conda-forge/noarch/reretry-0.11.8-pyhd8ed1ab_0.conda
https://conda.anaconda.org/conda-forge/linux-64/ruamel.yaml.clib-0.2.7-py310h1fa729e_1.conda
https://conda.anaconda.org/conda-forge/noarch/setuptools-67.6.1-pyhd8ed1ab_0.conda
https://conda.anaconda.org/conda-forge/noarch/six-1.16.0-pyh6c4a22f_0.tar.bz2
https://conda.anaconda.org/conda-forge/noarch/smart_open-6.3.0-pyhd8ed1ab_1.conda
https://conda.anaconda.org/conda-forge/noarch/smmap-3.0.5-pyh44b312d_0.tar.bz2
https://conda.anaconda.org/conda-forge/noarch/tabulate-0.9.0-pyhd8ed1ab_1.tar.bz2
https://conda.anaconda.org/conda-forge/noarch/throttler-1.2.1-pyhd8ed1ab_0.tar.bz2
https://conda.anaconda.org/bioconda/linux-64/tinyalign-0.2.1-py310h1425a21_2.tar.bz2
https://conda.anaconda.org/conda-forge/noarch/toposort-1.10-pyhd8ed1ab_0.conda
https://conda.anaconda.org/conda-forge/noarch/traitlets-5.9.0-pyhd8ed1ab_0.conda
https://conda.anaconda.org/conda-forge/noarch/typing_extensions-4.5.0-pyha770c72_0.conda
https://conda.anaconda.org/conda-forge/linux-64/unicodedata2-15.0.0-py310h5764c6d_0.tar.bz2
https://conda.anaconda.org/conda-forge/noarch/wheel-0.40.0-pyhd8ed1ab_0.conda
https://conda.anaconda.org/conda-forge/linux-64/wrapt-1.15.0-py310h1fa729e_0.conda
https://conda.anaconda.org/conda-forge/noarch/zipp-3.15.0-pyhd8ed1ab_0.conda
https://conda.anaconda.org/conda-forge/noarch/amply-0.1.5-pyhd8ed1ab_0.tar.bz2
https://conda.anaconda.org/conda-forge/linux-64/cffi-1.15.1-py310h255011f_3.conda
https://conda.anaconda.org/conda-forge/linux-64/coin-or-utils-2.11.6-h202d8b1_2.tar.bz2
https://conda.anaconda.org/conda-forge/linux-64/contourpy-1.0.7-py310hdf3cbec_0.conda
https://conda.anaconda.org/conda-forge/linux-64/curl-8.0.1-h588be90_0.conda
https://conda.anaconda.org/conda-forge/linux-64/fonttools-4.39.3-py310h1fa729e_0.conda
https://conda.anaconda.org/conda-forge/noarch/gitdb-4.0.10-pyhd8ed1ab_0.conda
https://conda.anaconda.org/conda-forge/noarch/importlib-metadata-6.3.0-pyha770c72_0.conda
https://conda.anaconda.org/conda-forge/noarch/importlib_resources-5.12.0-pyhd8ed1ab_0.conda
https://conda.anaconda.org/conda-forge/noarch/jinja2-3.1.2-pyhd8ed1ab_1.tar.bz2
https://conda.anaconda.org/conda-forge/noarch/perl-business-isbn-data-20210112.006-pl5321hd8ed1ab_0.tar.bz2
https://conda.anaconda.org/conda-forge/noarch/perl-file-temp-0.2304-pl5321hd8ed1ab_0.tar.bz2
https://conda.anaconda.org/conda-forge/linux-64/perl-pathtools-3.75-pl5321h166bdaf_0.tar.bz2
https://conda.anaconda.org/conda-forge/noarch/perl-sub-info-0.002-pl5321hd8ed1ab_0.tar.bz2
https://conda.anaconda.org/bioconda/noarch/perl-term-table-0.016-pl5321hdfd78af_0.tar.bz2
https://conda.anaconda.org/conda-forge/linux-64/pillow-9.5.0-py310h065c6d2_0.conda
https://conda.anaconda.org/conda-forge/noarch/pip-23.0.1-pyhd8ed1ab_0.conda
https://conda.anaconda.org/conda-forge/noarch/python-dateutil-2.8.2-pyhd8ed1ab_0.tar.bz2
https://conda.anaconda.org/conda-forge/linux-64/ruamel.yaml-0.17.21-py310h1fa729e_3.conda
https://conda.anaconda.org/conda-forge/noarch/stopit-1.1.2-py_0.tar.bz2
https://conda.anaconda.org/conda-forge/noarch/typing-extensions-4.5.0-hd8ed1ab_0.conda
https://conda.anaconda.org/conda-forge/linux-64/yte-1.5.1-py310hff52083_1.tar.bz2
https://conda.anaconda.org/conda-forge/linux-64/brotlipy-0.7.0-py310h5764c6d_1005.tar.bz2
https://conda.anaconda.org/conda-forge/linux-64/coin-or-osi-0.108.7-h2720bb7_2.tar.bz2
https://conda.anaconda.org/conda-forge/linux-64/cryptography-40.0.1-py310h34c0648_0.conda
https://conda.anaconda.org/conda-forge/noarch/gitpython-3.1.31-pyhd8ed1ab_0.conda
https://conda.anaconda.org/conda-forge/noarch/jsonschema-4.17.3-pyhd8ed1ab_0.conda
https://conda.anaconda.org/conda-forge/linux-64/matplotlib-base-3.7.1-py310he60537e_0.conda
https://conda.anaconda.org/conda-forge/linux-64/pandas-2.0.0-py310h9b08913_0.conda
https://conda.anaconda.org/conda-forge/noarch/perl-business-isbn-3.007-pl5321hd8ed1ab_0.tar.bz2
https://conda.anaconda.org/conda-forge/noarch/perl-file-chdir-0.1011-pl5321hd8ed1ab_0.tar.bz2
https://conda.anaconda.org/bioconda/noarch/perl-test2-suite-0.000145-pl5321hdfd78af_0.tar.bz2
https://conda.anaconda.org/conda-forge/noarch/perl-xml-sax-1.02-pl5321hd8ed1ab_0.tar.bz2
https://conda.anaconda.org/conda-forge/noarch/platformdirs-3.2.0-pyhd8ed1ab_0.conda
https://conda.anaconda.org/conda-forge/linux-64/zstandard-0.19.0-py310hdeb6495_1.conda
https://conda.anaconda.org/conda-forge/linux-64/coin-or-clp-1.17.7-hc56784d_2.tar.bz2
https://conda.anaconda.org/conda-forge/linux-64/jupyter_core-5.3.0-py310hff52083_0.conda
https://conda.anaconda.org/bioconda/linux-64/perl-alien-build-2.48-pl5321hec16e2b_0.tar.bz2
https://conda.anaconda.org/bioconda/noarch/perl-uri-5.12-pl5321hdfd78af_0.tar.bz2
https://conda.anaconda.org/conda-forge/noarch/pyopenssl-23.1.1-pyhd8ed1ab_0.conda
https://conda.anaconda.org/conda-forge/linux-64/xopen-1.7.0-py310hff52083_1.conda
https://conda.anaconda.org/conda-forge/linux-64/coin-or-cgl-0.60.6-h6f57e76_2.tar.bz2
https://conda.anaconda.org/bioconda/linux-64/dnaio-0.10.0-py310h1425a21_0.tar.bz2
https://conda.anaconda.org/conda-forge/noarch/nbformat-5.8.0-pyhd8ed1ab_0.conda
https://conda.anaconda.org/bioconda/linux-64/perl-alien-libxml2-0.17-pl5321hec16e2b_0.tar.bz2
https://conda.anaconda.org/conda-forge/noarch/urllib3-1.26.15-pyhd8ed1ab_0.conda
https://conda.anaconda.org/conda-forge/linux-64/coin-or-cbc-2.10.8-h3786ebc_0.tar.bz2
https://conda.anaconda.org/bioconda/linux-64/cutadapt-4.3-py310h1425a21_0.tar.bz2
https://conda.anaconda.org/bioconda/linux-64/perl-xml-libxml-2.0207-pl5321h661654b_0.tar.bz2
https://conda.anaconda.org/conda-forge/noarch/requests-2.28.2-pyhd8ed1ab_1.conda
https://conda.anaconda.org/conda-forge/noarch/coincbc-2.10.8-0_metapackage.tar.bz2
https://conda.anaconda.org/bioconda/linux-64/ncbi-vdb-3.0.2-h87f3376_0.tar.bz2
https://conda.anaconda.org/conda-forge/noarch/pooch-1.7.0-pyha770c72_3.conda
https://conda.anaconda.org/bioconda/linux-64/igblast-1.17.1-pl5321h3928612_1.tar.bz2
https://conda.anaconda.org/conda-forge/linux-64/pulp-2.7.0-py310hff52083_0.tar.bz2
https://conda.anaconda.org/conda-forge/linux-64/scipy-1.10.1-py310h8deb116_0.conda
https://conda.anaconda.org/conda-forge/noarch/seaborn-base-0.12.2-pyhd8ed1ab_0.conda
https://conda.anaconda.org/bioconda/noarch/snakemake-minimal-7.25.0-pyhdfd78af_0.tar.bz2
