# Generated by conda-lock.
# platform: linux-64
# input_hash: 00efc966626626ee489ec8ee250e0f49f477765ac667180b85a49375d718621a
@EXPLICIT
https://conda.anaconda.org/conda-forge/noarch/nomkl-1.0-h5ca1d4c_0.tar.bz2#9a66894dfd07c4510beb6b3f9672ccc0
https://conda.anaconda.org/conda-forge/linux-64/_libgcc_mutex-0.1-conda_forge.tar.bz2#d7c89558ba9fa0495403155b64376d81
https://conda.anaconda.org/conda-forge/linux-64/ca-certificates-2021.10.8-ha878542_0.tar.bz2#575611b8a84f45960e87722eeb51fa26
https://conda.anaconda.org/conda-forge/linux-64/ld_impl_linux-64-2.36.1-hea4e1c9_2.tar.bz2#bd4f2e711b39af170e7ff15163fe87ee
https://conda.anaconda.org/conda-forge/linux-64/libgfortran5-11.2.0-h5c6108e_11.tar.bz2#2dcb18a9a0fa31f4f29e5a9b3eade394
https://conda.anaconda.org/conda-forge/linux-64/libstdcxx-ng-11.2.0-he4da1e4_11.tar.bz2#0bf83958e788f1e75ba26154cb702afe
https://conda.anaconda.org/conda-forge/linux-64/pbzip2-1.1.13-0.tar.bz2#c8e59e8ed385634458f5a19f3fe2f219
https://conda.anaconda.org/conda-forge/linux-64/libgfortran-ng-11.2.0-h69a702a_11.tar.bz2#4ea2f9f83b617a7682e8aa05dcb37c6a
https://conda.anaconda.org/conda-forge/linux-64/libgomp-11.2.0-h1d223b6_11.tar.bz2#1d16527c76842bf9c41e9399d39d8097
https://conda.anaconda.org/conda-forge/linux-64/_openmp_mutex-4.5-1_gnu.tar.bz2#561e277319a41d4f24f5c05a9ef63c04
https://conda.anaconda.org/conda-forge/linux-64/libgcc-ng-11.2.0-h1d223b6_11.tar.bz2#e3495f4f93cfd6b68021cbe2b5844cd5
https://conda.anaconda.org/conda-forge/linux-64/bzip2-1.0.8-h7f98852_4.tar.bz2#a1fd65c7ccbf10880423d82bca54eb54
https://conda.anaconda.org/conda-forge/linux-64/icu-69.1-h9c3ff4c_0.tar.bz2#e0773c9556d588b062a4e1424a6a02fa
https://conda.anaconda.org/conda-forge/linux-64/isa-l-2.30.0-ha770c72_4.tar.bz2#e9f011f428f6a0bba8a2613d7c107b88
https://conda.anaconda.org/conda-forge/linux-64/jbig-2.1-h7f98852_2003.tar.bz2#1aa0cee79792fa97b7ff4545110b60bf
https://conda.anaconda.org/conda-forge/linux-64/jpeg-9d-h36c2ea0_0.tar.bz2#ea02ce6037dbe81803ae6123e5ba1568
https://conda.anaconda.org/conda-forge/linux-64/lerc-3.0-h9c3ff4c_0.tar.bz2#7fcefde484980d23f0ec24c11e314d2e
https://conda.anaconda.org/conda-forge/linux-64/libdeflate-1.8-h7f98852_0.tar.bz2#91d22aefa665265e8e31988b15145c8a
https://conda.anaconda.org/conda-forge/linux-64/libffi-3.4.2-h9c3ff4c_4.tar.bz2#dea515312db9d4788e52c2edfc657635
https://conda.anaconda.org/conda-forge/linux-64/libiconv-1.16-h516909a_0.tar.bz2#5c0f338a513a2943c659ae619fca9211
https://conda.anaconda.org/conda-forge/linux-64/libnsl-2.0.0-h7f98852_0.tar.bz2#39b1328babf85c7c3a61636d9cd50206
https://conda.anaconda.org/conda-forge/linux-64/libopenblas-0.3.18-pthreads_h8fe5266_0.tar.bz2#41532e4448c0cce086d6570f95e4e12e
https://conda.anaconda.org/conda-forge/linux-64/libwebp-base-1.2.1-h7f98852_0.tar.bz2#90607c4c0247f04ec98b48997de71c1a
https://conda.anaconda.org/conda-forge/linux-64/libzlib-1.2.11-h36c2ea0_1013.tar.bz2#dcddf696ff5dfcab567100d691678e18
https://conda.anaconda.org/conda-forge/linux-64/lz4-c-1.9.3-h9c3ff4c_1.tar.bz2#fbe97e8fa6f275d7c76a09e795adc3e6
https://conda.anaconda.org/bioconda/linux-64/muscle-3.8.1551-h7d875b9_6.tar.bz2#d4e0b28bdc4395d0ca0158ae546f0232
https://conda.anaconda.org/bioconda/linux-64/ncbi-vdb-2.11.0-h1b792b2_1.tar.bz2#62d8c216d10f62a4f94bcc314aa2b1ff
https://conda.anaconda.org/conda-forge/linux-64/ncurses-6.2-h58526e2_4.tar.bz2#509f2a21c4a09214cd737a480dfd80c9
https://conda.anaconda.org/conda-forge/linux-64/openssl-1.1.1l-h7f98852_0.tar.bz2#de7b38a1542dbe6f41653a8ae71adc53
https://conda.anaconda.org/conda-forge/linux-64/perl-5.32.1-1_h7f98852_perl5.tar.bz2#fd3af8340768b6e562bf0308077162df
https://conda.anaconda.org/conda-forge/linux-64/xz-5.2.5-h516909a_1.tar.bz2#33f601066901f3e1a85af3522a8113f9
https://conda.anaconda.org/conda-forge/linux-64/yaml-0.2.5-h516909a_0.tar.bz2#03a530e925414902547cf48da7756db8
https://conda.anaconda.org/conda-forge/linux-64/libblas-3.9.0-12_linux64_openblas.tar.bz2#4f93ba28c628a2c27cf39c055e6b219c
https://conda.anaconda.org/conda-forge/linux-64/readline-8.1-h46c0cb4_0.tar.bz2#5788de3c8d7a7d64ac56c784c4ef48e6
https://conda.anaconda.org/conda-forge/linux-64/zlib-1.2.11-h36c2ea0_1013.tar.bz2#cf7190238072a41e9579e4476a6a60b8
https://conda.anaconda.org/conda-forge/linux-64/flash-1.2.11-h27826a3_0.tar.bz2#7c1c31fe8dabc0d5115f31e5779b24ca
https://conda.anaconda.org/conda-forge/linux-64/libcblas-3.9.0-12_linux64_openblas.tar.bz2#2e5082d4a9a18c21100e6ce5b6bcb4ec
https://conda.anaconda.org/conda-forge/linux-64/liblapack-3.9.0-12_linux64_openblas.tar.bz2#9f401a6807a97e0c859d7522ae3d51ec
https://conda.anaconda.org/conda-forge/linux-64/libpng-1.6.37-h21135ba_2.tar.bz2#b6acf807307d033d4b7e758b4f44b036
https://conda.anaconda.org/conda-forge/linux-64/libxml2-2.9.12-h885dcf4_1.tar.bz2#d1355eaa48f465782f228275a0a69771
https://conda.anaconda.org/bioconda/linux-64/pear-0.9.6-h36cd882_7.tar.bz2#a8cf29290f2667443df25525ace1426e
https://conda.anaconda.org/conda-forge/linux-64/pigz-2.6-h27826a3_0.tar.bz2#677798489006b14291e8617223e34348
https://conda.anaconda.org/conda-forge/linux-64/sqlite-3.36.0-h9cd32fc_2.tar.bz2#3588c2c6cb9f9bcc65b544ab1c715d60
https://conda.anaconda.org/conda-forge/linux-64/tk-8.6.11-h27826a3_1.tar.bz2#84e76fb280e735fec1efd2d21fd9cb27
https://conda.anaconda.org/conda-forge/linux-64/zstd-1.5.0-ha95c52a_0.tar.bz2#b56f94865e2de36abf054e7bfa499034
https://conda.anaconda.org/conda-forge/linux-64/coincbc-2.10.5-hcee13e7_1.tar.bz2#e909caa41e0d9ed1dcfb3fbe19eb4618
https://conda.anaconda.org/conda-forge/linux-64/freetype-2.10.4-h0708190_1.tar.bz2#4a06f2ac2e5bfae7b6b245171c3f07aa
https://conda.anaconda.org/bioconda/linux-64/igblast-1.17.1-h388d1fa_0.tar.bz2#211615174a4d314904143337da4f1c9f
https://conda.anaconda.org/conda-forge/linux-64/libtiff-4.3.0-h6f004c6_2.tar.bz2#34fda41ca84e67232888c9a885903055
https://conda.anaconda.org/conda-forge/linux-64/python-3.7.12-hb7a2778_100_cpython.tar.bz2#2d94b3e6a9fdaf83f6955d008c8011a7
https://conda.anaconda.org/conda-forge/noarch/appdirs-1.4.4-pyh9f0ad1d_0.tar.bz2#5f095bc6454094e96f146491fd03633b
https://conda.anaconda.org/conda-forge/noarch/attrs-21.2.0-pyhd8ed1ab_0.tar.bz2#d2e1c7f388ac403df7079b411c37cc50
https://conda.anaconda.org/conda-forge/noarch/charset-normalizer-2.0.0-pyhd8ed1ab_0.tar.bz2#4a57e24d5b759893615c05926b7b5fb9
https://conda.anaconda.org/conda-forge/noarch/configargparse-1.5.3-pyhd8ed1ab_0.tar.bz2#318b72c3c2dfca9aebdbaf258609d02d
https://conda.anaconda.org/conda-forge/noarch/connection_pool-0.0.3-pyhd3deb0d_0.tar.bz2#e270fff08907db8691c02a0eda8d38ae
https://conda.anaconda.org/conda-forge/noarch/cycler-0.11.0-pyhd8ed1ab_0.tar.bz2#a50559fad0affdbb33729a68669ca1cb
https://conda.anaconda.org/conda-forge/noarch/filelock-3.3.2-pyhd8ed1ab_0.tar.bz2#a58b4796ddcaedd3f34810ec1f4674ef
https://conda.anaconda.org/conda-forge/noarch/idna-3.1-pyhd3deb0d_0.tar.bz2#9c9aea4b8391264477df484f798562d0
https://conda.anaconda.org/conda-forge/noarch/ipython_genutils-0.2.0-py_1.tar.bz2#5071c982548b3a20caf70462f04f5287
https://conda.anaconda.org/conda-forge/linux-64/lcms2-2.12-hddcbb42_0.tar.bz2#797117394a4aa588de6d741b06fad80f
https://conda.anaconda.org/conda-forge/noarch/olefile-0.46-pyh9f0ad1d_1.tar.bz2#0b2e68acc8c78c8cc392b90983481f58
https://conda.anaconda.org/conda-forge/linux-64/openjpeg-2.4.0-hb52868f_1.tar.bz2#b7ad78ad2e9ee155f59e6428406ee824
https://conda.anaconda.org/conda-forge/noarch/pycparser-2.20-pyh9f0ad1d_2.tar.bz2#aa798d50ffd182a0f6f31478c7f434f6
https://conda.anaconda.org/conda-forge/noarch/pyparsing-3.0.4-pyhd8ed1ab_0.tar.bz2#bd88d04ada10f0f975bb5e2f9352d3a8
https://conda.anaconda.org/conda-forge/linux-64/python_abi-3.7-2_cp37m.tar.bz2#afff88bf9a7048da740c70aeb8cdbb82
https://conda.anaconda.org/conda-forge/noarch/pytz-2021.3-pyhd8ed1ab_0.tar.bz2#7e4f811bff46a5a6a7e0094921389395
https://conda.anaconda.org/conda-forge/noarch/ratelimiter-1.2.0-py_1002.tar.bz2#a3326f1950c9a8e52a4b5817ba607caa
https://conda.anaconda.org/conda-forge/noarch/six-1.16.0-pyh6c4a22f_0.tar.bz2#e5f25f8dbc060e9a8d912e432202afc2
https://conda.anaconda.org/conda-forge/noarch/smart_open-5.2.1-pyhd8ed1ab_0.tar.bz2#c7a838c38e38c82edde371a9054e6c92
https://conda.anaconda.org/conda-forge/noarch/smmap-3.0.5-pyh44b312d_0.tar.bz2#3a8dc70789709aa315325d5df06fb7e4
https://conda.anaconda.org/conda-forge/noarch/tabulate-0.8.9-pyhd8ed1ab_0.tar.bz2#ee657dbe69e892aeccde7cabb4edf261
https://conda.anaconda.org/conda-forge/noarch/toposort-1.7-pyhd8ed1ab_0.tar.bz2#ce711f7c322298edf8e7bd592a06b4b7
https://conda.anaconda.org/conda-forge/noarch/traitlets-5.1.1-pyhd8ed1ab_0.tar.bz2#a1bc9765ef9499760e88f568b3a6622c
https://conda.anaconda.org/conda-forge/noarch/typing_extensions-3.10.0.2-pyha770c72_0.tar.bz2#85dfd487a244bbe2cf7019ce8a39b5bc
https://conda.anaconda.org/conda-forge/noarch/zipp-3.6.0-pyhd8ed1ab_0.tar.bz2#855e2c4622f5eb50a4f6f7167b9ba17a
https://conda.anaconda.org/conda-forge/linux-64/certifi-2021.10.8-py37h89c1867_1.tar.bz2#48e8442b6097c7d4a0e3494c74ff9eeb
https://conda.anaconda.org/conda-forge/linux-64/cffi-1.14.6-py37h036bc23_2.tar.bz2#890072f2004ee1db4d0453b9b826f510
https://conda.anaconda.org/conda-forge/linux-64/chardet-4.0.0-py37h89c1867_2.tar.bz2#bc94a8fe45019ad331d8a936cd65210f
https://conda.anaconda.org/conda-forge/linux-64/datrie-0.8.2-py37h5e8e339_2.tar.bz2#b0250870f8df971d687c7ff1c32c0c64
https://conda.anaconda.org/conda-forge/linux-64/docutils-0.18-py37h89c1867_1.tar.bz2#2e6b557cfe3426e7e1284424d5f2159d
https://conda.anaconda.org/conda-forge/noarch/gitdb-4.0.9-pyhd8ed1ab_0.tar.bz2#40fc6b14a45dee3a3fd9f302d026108e
https://conda.anaconda.org/conda-forge/linux-64/importlib-metadata-4.8.1-py37h89c1867_1.tar.bz2#2ac14aa1feb10d3a60be8eb1a5411599
https://conda.anaconda.org/conda-forge/linux-64/jupyter_core-4.9.1-py37h89c1867_0.tar.bz2#ba5681e68662fd0586918098aa86e188
https://conda.anaconda.org/conda-forge/linux-64/kiwisolver-1.3.2-py37h2527ec5_1.tar.bz2#441ac4d93d0d57d21ea9dcac48cb5d0d
https://conda.anaconda.org/conda-forge/linux-64/numpy-1.21.3-py37h31617e3_0.tar.bz2#f38961acd16748f68584e8fc9e4d5048
https://conda.anaconda.org/conda-forge/linux-64/pillow-8.3.2-py37h0f21c89_0.tar.bz2#3030abb07f3ada98d1a3de363cfbe192
https://conda.anaconda.org/conda-forge/linux-64/psutil-5.8.0-py37h5e8e339_2.tar.bz2#01e107921a7431734b1120c720786a5f
https://conda.anaconda.org/conda-forge/linux-64/pyrsistent-0.17.3-py37h5e8e339_3.tar.bz2#0d5b77af28ae7ae4e20f2e3a2c36ea6d
https://conda.anaconda.org/conda-forge/linux-64/pysocks-1.7.1-py37h89c1867_4.tar.bz2#44df88d27e2891f90e3f06dcfcca0927
https://conda.anaconda.org/conda-forge/noarch/python-dateutil-2.8.2-pyhd8ed1ab_0.tar.bz2#dd999d1cc9f79e67dbb855c8924c7984
https://conda.anaconda.org/conda-forge/linux-64/python-isal-0.11.1-py37h5e8e339_0.tar.bz2#b2e0c2d7ec66920c780b2d2e5357262c
https://conda.anaconda.org/conda-forge/linux-64/pyyaml-6.0-py37h5e8e339_1.tar.bz2#def7f07c93143763715f771d15726a63
https://conda.anaconda.org/conda-forge/linux-64/ruamel.yaml.clib-0.2.2-py37h5e8e339_2.tar.bz2#4211f3b208e9b1c87a5ccf34775f126b
https://conda.anaconda.org/conda-forge/linux-64/setuptools-58.4.0-py37h89c1867_1.tar.bz2#ab0c4652cd8571c7efd772b7f32f3b52
https://conda.anaconda.org/bioconda/linux-64/tinyalign-0.2-py37h73a75cf_2.tar.bz2#0fec32f952df3f8b1cd9dfdef31ce5d8
https://conda.anaconda.org/conda-forge/linux-64/tornado-6.1-py37h5e8e339_2.tar.bz2#ec86ae00c96dea5f2d810957a8fabc26
https://conda.anaconda.org/conda-forge/linux-64/wrapt-1.13.3-py37h5e8e339_1.tar.bz2#36ef1d6ea4f956422dd28dab816ab6c5
https://conda.anaconda.org/conda-forge/noarch/amply-0.1.4-py_0.tar.bz2#041279ad9cf0a09c2d9a5a829b7811a5
https://conda.anaconda.org/conda-forge/linux-64/brotlipy-0.7.0-py37h5e8e339_1001.tar.bz2#871eed4ba322e7b3f200956a096b34e7
https://conda.anaconda.org/conda-forge/linux-64/cryptography-35.0.0-py37hf1a17b8_1.tar.bz2#5405ce03d86dc5e1ea8fa249368c34f8
https://conda.anaconda.org/conda-forge/noarch/gitpython-3.1.24-pyhd8ed1ab_0.tar.bz2#38b9853bd2dddbfbe1a0f57c5587b667
https://conda.anaconda.org/conda-forge/noarch/jsonschema-4.1.2-pyhd8ed1ab_0.tar.bz2#94188756716d63117f09d546a30d43e7
https://conda.anaconda.org/conda-forge/linux-64/matplotlib-base-3.4.3-py37h1058ff1_1.tar.bz2#a67dbcb27809c5bc08dd72a257cfde46
https://conda.anaconda.org/conda-forge/linux-64/pandas-1.3.4-py37he8f5f7f_0.tar.bz2#7f8fce7c0c3b49732f442f898c26d039
https://conda.anaconda.org/conda-forge/linux-64/ruamel.yaml-0.17.16-py37h5e8e339_0.tar.bz2#3022e8a511239bf6fb8a58eed0def135
https://conda.anaconda.org/conda-forge/linux-64/scipy-1.7.1-py37hf2a6cf1_0.tar.bz2#b727e3ad6b8821c7d75442d2f61c3113
https://conda.anaconda.org/conda-forge/noarch/stopit-1.1.2-py_0.tar.bz2#a07ae164291cd456aa3012f44654a950
https://conda.anaconda.org/conda-forge/linux-64/xopen-1.2.1-py37h89c1867_0.tar.bz2#1c1b044e1b7358c9db5c536732317ee0
https://conda.anaconda.org/bioconda/linux-64/dnaio-0.6.0-py37h73a75cf_0.tar.bz2#2eeb11c2807b20d79a87b5ee555e22d7
https://conda.anaconda.org/conda-forge/noarch/nbformat-5.1.3-pyhd8ed1ab_0.tar.bz2#bafa5df6d4f8db69a4d197b4657127e7
https://conda.anaconda.org/conda-forge/noarch/patsy-0.5.2-pyhd8ed1ab_0.tar.bz2#2e4e8be763551f60bbfcc22b650e5d49
https://conda.anaconda.org/conda-forge/linux-64/pulp-2.5.1-py37h89c1867_0.tar.bz2#24c680c64444763bf3d277d17310a88d
https://conda.anaconda.org/conda-forge/noarch/pyopenssl-21.0.0-pyhd8ed1ab_0.tar.bz2#8c49efecb7dca466e18b06015e8c88ce
https://conda.anaconda.org/conda-forge/noarch/seaborn-base-0.11.2-pyhd8ed1ab_0.tar.bz2#fe2303dc8f1febeb82d927ce8ad153ed
https://conda.anaconda.org/bioconda/linux-64/cutadapt-3.5-py37h73a75cf_0.tar.bz2#b7f9c1741ce9a62cacc41b46ce241e30
https://conda.anaconda.org/conda-forge/linux-64/statsmodels-0.13.0-py37hb1e94ed_0.tar.bz2#cc31efb584a8ea5db3e99c1964261b9b
https://conda.anaconda.org/conda-forge/noarch/urllib3-1.26.7-pyhd8ed1ab_0.tar.bz2#be75bab4820a56f77ba1a3fc9139c36a
https://conda.anaconda.org/conda-forge/noarch/requests-2.26.0-pyhd8ed1ab_0.tar.bz2#0ed2ccbde6db9dd5789068eb7194463f
https://conda.anaconda.org/conda-forge/noarch/seaborn-0.11.2-hd8ed1ab_0.tar.bz2#e56b6a19f4b717eca7c68ad78196b075
https://conda.anaconda.org/bioconda/noarch/snakemake-minimal-6.10.0-pyhdfd78af_0.tar.bz2#5b47c0a75317eb9de167f9a363b0fffa
